{
  "version": 4,
  "terraform_version": "1.13.1",
  "serial": 50,
  "lineage": "c8ce3dd0-25a0-8b53-a4e4-db7bdedd1ade",
  "outputs": {
    "talos_node_ids": {
      "value": {
        "talos-node-1": 101,
        "talos-node-2": 100,
        "talos-node-3": 102
      },
      "type": [
        "object",
        {
          "talos-node-1": "number",
          "talos-node-2": "number",
          "talos-node-3": "number"
        }
      ]
    },
    "talos_node_ips": {
      "value": [
        "192.168.0.14",
        "192.168.0.2",
        "192.168.0.15"
      ],
      "type": [
        "tuple",
        [
          "string",
          "string",
          "string"
        ]
      ]
    },
    "talos_node_names": {
      "value": [
        "talos-node-1",
        "talos-node-2",
        "talos-node-3"
      ],
      "type": [
        "tuple",
        [
          "string",
          "string",
          "string"
        ]
      ]
    },
    "talos_nodes": {
      "value": {
        "talos-node-1": {
          "cpu_cores": 2,
          "cpu_sockets": 1,
          "ipv4_address": "192.168.0.14",
          "ipv6_address": "2804:29b8:50f0:a88f:be24:11ff:feeb:9c6",
          "mac_address": "bc:24:11:eb:09:c6",
          "memory": 4096,
          "name": "talos-node-1",
          "target_node": "javazap",
          "vmid": 101
        },
        "talos-node-2": {
          "cpu_cores": 2,
          "cpu_sockets": 1,
          "ipv4_address": "192.168.0.2",
          "ipv6_address": "2804:29b8:50f0:a88f:be24:11ff:fe6b:87d3",
          "mac_address": "bc:24:11:6b:87:d3",
          "memory": 4096,
          "name": "talos-node-2",
          "target_node": "javazap",
          "vmid": 100
        },
        "talos-node-3": {
          "cpu_cores": 2,
          "cpu_sockets": 1,
          "ipv4_address": "192.168.0.15",
          "ipv6_address": "2804:29b8:50f0:a88f:be24:11ff:fed0:bb92",
          "mac_address": "bc:24:11:d0:bb:92",
          "memory": 4096,
          "name": "talos-node-3",
          "target_node": "javazap",
          "vmid": 102
        }
      },
      "type": [
        "object",
        {
          "talos-node-1": [
            "object",
            {
              "cpu_cores": "number",
              "cpu_sockets": "number",
              "ipv4_address": "string",
              "ipv6_address": "string",
              "mac_address": "string",
              "memory": "number",
              "name": "string",
              "target_node": "string",
              "vmid": "number"
            }
          ],
          "talos-node-2": [
            "object",
            {
              "cpu_cores": "number",
              "cpu_sockets": "number",
              "ipv4_address": "string",
              "ipv6_address": "string",
              "mac_address": "string",
              "memory": "number",
              "name": "string",
              "target_node": "string",
              "vmid": "number"
            }
          ],
          "talos-node-3": [
            "object",
            {
              "cpu_cores": "number",
              "cpu_sockets": "number",
              "ipv4_address": "string",
              "ipv6_address": "string",
              "mac_address": "string",
              "memory": "number",
              "name": "string",
              "target_node": "string",
              "vmid": "number"
            }
          ]
        }
      ]
    },
    "truenas": {
      "value": {
        "name": "truenas",
        "vmid": 103
      },
      "type": [
        "object",
        {
          "name": "string",
          "vmid": "number"
        }
      ]
    }
  },
  "resources": [
    {
      "mode": "managed",
      "type": "proxmox_vm_qemu",
      "name": "truenas",
      "provider": "provider[\"registry.terraform.io/telmate/proxmox\"]",
      "instances": [
        {
          "schema_version": 0,
          "attributes": {
            "additional_wait": 5,
            "agent": 0,
            "agent_timeout": 90,
            "args": "",
            "automatic_reboot": true,
            "automatic_reboot_severity": "error",
            "balloon": 0,
            "bios": "seabios",
            "boot": "order=scsi0;ide2",
            "bootdisk": "",
            "ci_wait": null,
            "cicustom": null,
            "cipassword": "",
            "ciupgrade": false,
            "ciuser": "",
            "clone": null,
            "clone_id": null,
            "clone_wait": 10,
            "cores": 0,
            "cpu": [
              {
                "affinity": "",
                "cores": 2,
                "flags": [],
                "limit": 0,
                "numa": false,
                "sockets": 1,
                "type": "host",
                "units": 0,
                "vcores": 0
              }
            ],
            "cpu_type": "",
            "current_node": "javazap",
            "default_ipv4_address": "",
            "default_ipv6_address": "",
            "define_connection_info": true,
            "desc": null,
            "description": "Managed by Terraform.",
            "disk": [],
            "disks": [
              {
                "ide": [
                  {
                    "ide0": [],
                    "ide1": [],
                    "ide2": [
                      {
                        "cdrom": [
                          {
                            "iso": "local:iso/TrueNAS-SCALE-25.10.0.1.iso",
                            "passthrough": false
                          }
                        ],
                        "cloudinit": [],
                        "disk": [],
                        "ignore": false,
                        "passthrough": []
                      }
                    ],
                    "ide3": []
                  }
                ],
                "sata": [],
                "scsi": [
                  {
                    "scsi0": [
                      {
                        "cdrom": [],
                        "cloudinit": [],
                        "disk": [
                          {
                            "asyncio": "",
                            "backup": true,
                            "cache": "",
                            "discard": false,
                            "emulatessd": false,
                            "format": "raw",
                            "id": 0,
                            "iops_r_burst": 0,
                            "iops_r_burst_length": 0,
                            "iops_r_concurrent": 0,
                            "iops_wr_burst": 0,
                            "iops_wr_burst_length": 0,
                            "iops_wr_concurrent": 0,
                            "iothread": false,
                            "linked_disk_id": -1,
                            "mbps_r_burst": 0,
                            "mbps_r_concurrent": 0,
                            "mbps_wr_burst": 0,
                            "mbps_wr_concurrent": 0,
                            "readonly": false,
                            "replicate": false,
                            "serial": "",
                            "size": "16G",
                            "storage": "local-lvm",
                            "wwn": ""
                          }
                        ],
                        "ignore": false,
                        "passthrough": []
                      }
                    ],
                    "scsi1": [],
                    "scsi10": [],
                    "scsi11": [],
                    "scsi12": [],
                    "scsi13": [],
                    "scsi14": [],
                    "scsi15": [],
                    "scsi16": [],
                    "scsi17": [],
                    "scsi18": [],
                    "scsi19": [],
                    "scsi2": [],
                    "scsi20": [],
                    "scsi21": [],
                    "scsi22": [],
                    "scsi23": [],
                    "scsi24": [],
                    "scsi25": [],
                    "scsi26": [],
                    "scsi27": [],
                    "scsi28": [],
                    "scsi29": [],
                    "scsi3": [],
                    "scsi30": [],
                    "scsi4": [],
                    "scsi5": [],
                    "scsi6": [],
                    "scsi7": [],
                    "scsi8": [],
                    "scsi9": []
                  }
                ],
                "virtio": []
              }
            ],
            "efidisk": [],
            "force_create": false,
            "force_recreate_on_change_of": null,
            "full_clone": true,
            "hagroup": "",
            "hastate": "",
            "hostpci": [],
            "hotplug": "network,disk,usb",
            "id": "javazap/qemu/103",
            "ipconfig0": null,
            "ipconfig1": null,
            "ipconfig10": null,
            "ipconfig11": null,
            "ipconfig12": null,
            "ipconfig13": null,
            "ipconfig14": null,
            "ipconfig15": null,
            "ipconfig2": null,
            "ipconfig3": null,
            "ipconfig4": null,
            "ipconfig5": null,
            "ipconfig6": null,
            "ipconfig7": null,
            "ipconfig8": null,
            "ipconfig9": null,
            "kvm": true,
            "linked_vmid": 0,
            "machine": "q35",
            "memory": 8192,
            "name": "truenas",
            "nameserver": null,
            "network": [
              {
                "bridge": "vmbr0",
                "firewall": false,
                "id": 0,
                "link_down": false,
                "macaddr": "bc:24:11:76:0c:5f",
                "model": "virtio",
                "mtu": 0,
                "queues": 0,
                "rate": 0,
                "tag": 0
              }
            ],
            "numa": false,
            "onboot": true,
            "os_network_config": null,
            "os_type": null,
            "pci": [
              {
                "device_id": "",
                "id": 0,
                "mapping_id": "",
                "mdev": "",
                "pcie": true,
                "primary_gpu": false,
                "raw_id": "0000:02:00.0",
                "rombar": true,
                "sub_device_id": "",
                "sub_vendor_id": "",
                "vendor_id": ""
              }
            ],
            "pcis": [],
            "pool": "",
            "protection": false,
            "pxe": null,
            "qemu_os": "other",
            "reboot_required": false,
            "rng": [],
            "scsihw": "virtio-scsi-single",
            "searchdomain": null,
            "serial": [],
            "skip_ipv4": false,
            "skip_ipv6": false,
            "smbios": [
              {
                "family": "",
                "manufacturer": "",
                "product": "",
                "serial": "",
                "sku": "",
                "uuid": "b34aca20-a5c6-43d2-9c51-d440e998e0ee",
                "version": ""
              }
            ],
            "sockets": 0,
            "ssh_forward_ip": null,
            "ssh_host": "",
            "ssh_port": "22",
            "ssh_private_key": null,
            "ssh_user": null,
            "sshkeys": null,
            "startup": "",
            "tablet": true,
            "tags": " ",
            "target_node": "javazap",
            "target_nodes": null,
            "timeouts": null,
            "tpm_state": [],
            "unused_disk": [],
            "usb": [],
            "usbs": [],
            "vcpus": 0,
            "vga": [
              {
                "memory": 16,
                "type": "std"
              }
            ],
            "vm_state": "running",
            "vmid": 103
          },
          "sensitive_attributes": [
            [
              {
                "type": "get_attr",
                "value": "cipassword"
              }
            ],
            [
              {
                "type": "get_attr",
                "value": "ssh_private_key"
              }
            ]
          ],
          "identity_schema_version": 0,
          "private": "eyJlMmJmYjczMC1lY2FhLTExZTYtOGY4OC0zNDM2M2JjN2M0YzAiOnsiY3JlYXRlIjoxMjAwMDAwMDAwMDAwLCJkZWZhdWx0IjoxMjAwMDAwMDAwMDAwLCJkZWxldGUiOjEyMDAwMDAwMDAwMDAsInJlYWQiOjEyMDAwMDAwMDAwMDAsInVwZGF0ZSI6MTIwMDAwMDAwMDAwMH19"
        }
      ]
    }
  ],
  "check_results": null
}
